{
  "version": 4,
  "terraform_version": "1.14.5",
  "serial": 427,
  "lineage": "bff8c21a-7398-2476-8837-08030b649e49",
  "outputs": {
    "ecr_repository_url": {
      "value": "540206063900.dkr.ecr.us-east-1.amazonaws.com/llm-agent-worker",
      "type": "string"
    },
    "ecs_cluster_name": {
      "value": "llm-agent-worker-cluster",
      "type": "string"
    },
    "ecs_service_name": {
      "value": "llm-agent-worker",
      "type": "string"
    },
    "sqs_queue_url": {
      "value": "https://sqs.us-east-1.amazonaws.com/540206063900/llm-agent-worker.fifo",
      "type": "string"
    }
  },
  "resources": [
    {
      "mode": "data",
      "type": "aws_ecr_authorization_token",
      "name": "registry",
      "provider": "provider[\"registry.terraform.io/hashicorp/aws\"]",
      "instances": [
        {
          "schema_version": 0,
          "attributes": {
            "authorization_token": "QVdTOmV5SndZWGxzYjJGa0lqb2laVzFuTkcwelYwVnNXSE5wVkhKMkszUkxSRVpTSzJGamQwZHZVSGwzTVhoelVFSlBSbHBZTm1wTVJXcHZWM0ZsWTNKcE5XSkNaR1JyTkhoVGRXUk5VSEJ2V25seVJVeDVTRmc1U0RKTmNVdGpiMkp4VkhKRU16VXhMM2RDYUhReFoxVlNOWEpoV0RGd1UyOXBjSFJNWlZWT2JFOTZVbVpqTjNwbUsyczNZMVF6TWpWbk1EaFhkamxNTTNwS1RsRlhOV3h2V0hGUWNGaHlOVEZxYm1rdmNYWmxhRVI1TldSWmFYQnNSVEJUVFVNck5YbDJVazR2Vm5sa1RXRjBibmN5TjBOSmR6QnZja1l2WVdwbFZVOWFiSE5PUzBaeVJWRnlhV001TmsxVkwwNTJUMWN4VkVReVZFNXZjWEp3UkRkTVZVZGtibGhHZW5GUlZuUk9XREY0U20xRVNGUm1ZazlQWkVwVWQwMDBiVTgzYW5wVmRsTjVZV3N4TTI5UVJ6bEVhVkZoUjI5WU5YRklhV1ZXTTJKdWEycFJibFEzYkdsVVJURmFjSFZUVWtJelNXOVBhMkpGVTBSa2NUY3ZSRzVMVEhkR2RVaHBPRTlDVTNwb01FMXlTRUpzTkUxWlZHRjRiMk5VYkZsaWFFY3ZNR3Q0U1VwMVFqRkNlREJWV2t0d1VFMXJXSGxVV21aaU5XVktiR1psVFVoR2FHZEVhRlZPVlZwMWNtRXJaMnBCY1RORGJrSnhNVkpOUmpJeldFcGFaWE5GT1ZCWVRHdExTV3B5Y0ZkNmNHWmhVV3BtYmt4bmJVaGFkMlpGT0ZWNVdIaGhNVTVrZEN0MFMwRm5WRGRMYVdNNGMyNXBiSEZhYzBsWVlsSXlMME5tU1RkbWEwNU5NV0V6UTI1R1ZteDBWRWt5TDBwT05HNXNUV1ZrU0ZsWWVXSTBOVk0wVlZoMlVHRldNMmd3UzBocFF6Rk5iWEJwTUROSE4yWnNkbGhZVGxWR05qVjZXUzlyTUZjM05rYzNlSFF4YlVJellqWldSelJUU0N0NVdsZEdVMEY1U0ZSRE5FMVFlRFJXVTFKeFZFeFBlRFphUzJoWGJrRjRlbWN4T1djM01sUlBSRlI2UlhwRGRUQTJaRmRRVTBWT05qTllPV2h0TUVVMFpFcFdaRWt4UTAxelRqaHNkMVZCYzBSRlFqSnpjM0E0TDA5R1RqUjNWVUUyUVhCSVpWcEdLeXQyVm10MlJqbGtjVUZ3YlZaa2VYazRZelZYTWxFd1MxRk9hRTVGVUZWR2RrWjJWRGR4VG1JeE5GVmxTVkE0Tm5OSGFtSnJOVVZXT1VSQlkyRmFOelowWkVoelZFRTJSSGRSU25STVdXdEZNMk0zV1ZKT1RIVlBTVmR2UzNSNkwybGFOMUI0UlRaNVVsTTFhMlJQV2s5VVUwMWpNSGMyYlZwNmJtY3ZVR05tVTNjelkzbE5jVU4yTWtKbmQwUlZZVlJuTlhaVmRGaEpWMjlvWkRWdE4wNVFhRlZ6ZGpGek1pOUJVWGh6Y2s5SFpsWkhkRFJ4UlRKSFJVRXlTazkyZG5jMVpsRkhjblZ2T0hCR1FXOTZZVU5UVjBWYVNEZEdka3g0ZVcxd1dYTlFlazU2YjI4cmJUVnhjVmhwYVRGU1pTdHNabEpUTTJWMVUyVmthSFJuV0VwTFNsVTVVMVpQZG5BclVIVmtNM2xFVGl0ME1FOHdiR3h0TW1sNk1sVldkM1JKU2pGeFJWY3hRVUVyYjFaeFRucHRaamd3WVhWVWFFNXZWbXBFTkhCV1lqSXhXVzU0UzFsbGJYVlhablI1WmpKbFRHOWlRWGxHZUdKQmRXWk9SVFU0YjFWa2R6QXJUVlpRTW0xbVVYUlRRMU50VFROeFoxZE9aVkZyYkdsMlJISTRjSE5KY0ZwUlUxb3ZWRkp0ZEcxSFFYbDROMFI0Wldadk1HMDNXWGt5VWtGSlZUWXJhMUYxWld4dVF6SnhNVFV6V1VOUlRHeHNTVmc0WTBObVpYTXdkVVpYTURkWFdWbzJOM2hoSzJ0cU5TdHlkbTQ0V0dScVJIUndhbVZsT0VRck9FVnJjRzFIWTNSa2RHd3JhMWxvZFVzeWFtbEllVkZPY3pCMFRVSXpSMHhaTXpCU1VtSlhkV0UwV1c0dmFGTk9aMWxMTms4M1ZHUktRMFZaUm5FMVUwWTRia2QzYTFwc00yNHpUM1JEU0U5MGNHOWtPV3BpVWxCUmJFVjBWbWhzZVhKSEsyVmhPVmdyWlZGMmQwTjRPR3MwUjNFaUxDSmtZWFJoYTJWNUlqb2lRVkZGUWtGSWFIZHRNRmxoU1ZOS1pWSjBTbTAxYmpGSE5uVnhaV1ZyV0hWdldGaFFaVFZWUm1ObE9WSnhPQzh4TkhkQlFVRklOSGRtUVZsS1MyOWFTV2gyWTA1QlVXTkhiMGM0ZDJKUlNVSkJSRUp2UW1kcmNXaHJhVWM1ZHpCQ1FuZEZkMGhuV1VwWlNWcEpRVmRWUkVKQlJYVk5Ra1ZGUkV4aVJXaGtOazlEUm5wWGJWaGtRblZuU1VKRlNVRTNVVXhwUTJNMlNGQkxTRE5RS3psRWRtZzJaa3hJUkRGT1F6UllRelJIU1ZaV09TOUtTbkZuT1hWQ1lUSk9OMlEyYkN0dVNrVndkVUowUldsUVFqaGtLM3AyUlM5bGVWQnJUemQ2ZEZWc2N6MGlMQ0oyWlhKemFXOXVJam9pTWlJc0luUjVjR1VpT2lKRVFWUkJYMHRGV1NJc0ltVjRjR2x5WVhScGIyNGlPakUzTnpZMk9USXhPVGw5",
            "expires_at": "2026-04-20T13:36:39Z",
            "id": "us-east-1",
            "password": "eyJwYXlsb2FkIjoiZW1nNG0zV0VsWHNpVHJ2K3RLREZSK2Fjd0dvUHl3MXhzUEJPRlpYNmpMRWpvV3FlY3JpNWJCZGRrNHhTdWRNUHBvWnlyRUx5SFg5SDJNcUtjb2JxVHJEMzUxL3dCaHQxZ1VSNXJhWDFwU29pcHRMZVVObE96UmZjN3pmK2s3Y1QzMjVnMDhXdjlMM3pKTlFXNWxvWHFQcFhyNTFqbmkvcXZlaER5NWRZaXBsRTBTTUMrNXl2Uk4vVnlkTWF0bncyN0NJdzBvckYvYWplVU9abHNOS0ZyRVFyaWM5Nk1VL052T1cxVEQyVE5vcXJwRDdMVUdkblhGenFRVnROWDF4Sm1ESFRmYk9PZEpUd000bU83anpVdlN5YWsxM29QRzlEaVFhR29YNXFIaWVWM2Jua2pRblQ3bGlURTFacHVTUkIzSW9Pa2JFU0RkcTcvRG5LTHdGdUhpOE9CU3poME1ySEJsNE1ZVGF4b2NUbFliaEcvMGt4SUp1QjFCeDBVWktwUE1rWHlUWmZiNWVKbGZlTUhGaGdEaFVOVVp1cmErZ2pBcTNDbkJxMVJNRjIzWEpaZXNFOVBYTGtLSWpycFd6cGZhUWpmbkxnbUhad2ZFOFV5WHhhMU5kdCt0S0FnVDdLaWM4c25pbHFac0lYYlIyL0NmSTdma05NMWEzQ25GVmx0VEkyL0pONG5sTWVkSFlYeWI0NVM0VVh2UGFWM2gwS0hpQzFNbXBpMDNHN2ZsdlhYTlVGNjV6WS9rMFc3Nkc3eHQxbUIzYjZWRzRTSCt5WldGU0F5SFRDNE1QeDRWU1JxVExPeDZaS2hXbkF4emcxOWc3MlRPRFR6RXpDdTA2ZFdQU0VONjNYOWhtMEU0ZEpWZEkxQ01zTjhsd1VBc0RFQjJzc3A4L09GTjR3VUE2QXBIZVpGKyt2Vmt2RjlkcUFwbVZkeXk4YzVXMlEwS1FOaE5FUFVGdkZ2VDdxTmIxNFVlSVA4NnNHamJrNUVWOURBY2FaNzZ0ZEhzVEE2RHdRSnRMWWtFM2M3WVJOTHVPSVdvS3R6L2laN1B4RTZ5UlM1a2RPWk9UU01jMHc2bVp6bmcvUGNmU3czY3lNcUN2MkJnd0RVYVRnNXZVdFhJV29oZDVtN05QaFVzdjFzMi9BUXhzck9HZlZHdDRxRTJHRUEySk92dnc1ZlFHcnVvOHBGQW96YUNTV0VaSDdGdkx4eW1wWXNQek56b28rbTVxcVhpaTFSZStsZlJTM2V1U2VkaHRnWEpLSlU5U1ZPdnArUHVkM3lETit0ME8wbGxtMml6MlVWd3RJSjFxRVcxQUErb1ZxTnptZjgwYXVUaE5vVmpENHBWYjIxWW54S1llbXVXZnR5ZjJlTG9iQXlGeGJBdWZORTU4b1VkdzArTVZQMm1mUXRTQ1NtTTNxZ1dOZVFrbGl2RHI4cHNJcFpRU1ovVFJtdG1HQXl4N0R4ZWZvMG03WXkyUkFJVTYra1F1ZWxuQzJxMTUzWUNRTGxsSVg4Y0NmZXMwdUZXMDdXWVo2N3hhK2tqNStydm44WGRqRHRwamVlOEQrOEVrcG1HY3RkdGwra1lodUsyamlIeVFOczB0TUIzR0xZMzBSUmJXdWE0WW4vaFNOZ1lLNk83VGRKQ0VZRnE1U0Y4bkd3a1psM24zT3RDSE90cG9kOWpiUlBRbEV0VmhseXJHK2VhOVgrZVF2d0N4OGs0R3EiLCJkYXRha2V5IjoiQVFFQkFIaHdtMFlhSVNKZVJ0Sm01bjFHNnVxZWVrWHVvWFhQZTVVRmNlOVJxOC8xNHdBQUFINHdmQVlKS29aSWh2Y05BUWNHb0c4d2JRSUJBREJvQmdrcWhraUc5dzBCQndFd0hnWUpZSVpJQVdVREJBRXVNQkVFRExiRWhkNk9DRnpXbVhkQnVnSUJFSUE3UUxpQ2M2SFBLSDNQKzlEdmg2ZkxIRDFOQzRYQzRHSVZWOS9KSnFnOXVCYTJON2Q2bCtuSkVwdUJ0RWlQQjhkK3p2RS9leVBrTzd6dFVscz0iLCJ2ZXJzaW9uIjoiMiIsInR5cGUiOiJEQVRBX0tFWSIsImV4cGlyYXRpb24iOjE3NzY2OTIxOTl9",
            "proxy_endpoint": "https://540206063900.dkr.ecr.us-east-1.amazonaws.com",
            "region": "us-east-1",
            "registry_id": null,
            "user_name": "AWS"
          },
          "sensitive_attributes": [
            [
              {
                "type": "get_attr",
                "value": "authorization_token"
              }
            ],
            [
              {
                "type": "get_attr",
                "value": "password"
              }
            ]
          ],
          "identity_schema_version": 0
        }
      ]
    },
    {
      "mode": "data",
      "type": "aws_iam_role",
      "name": "lab_role",
      "provider": "provider[\"registry.terraform.io/hashicorp/aws\"]",
      "instances": [
        {
          "schema_version": 0,
          "attributes": {
            "arn": "arn:aws:iam::540206063900:role/LabRole",
            "assume_role_policy": "{\"Version\":\"2012-10-17\",\"Statement\":[{\"Effect\":\"Allow\",\"Principal\":{\"Service\":[\"firehose.amazonaws.com\",\"deepracer.amazonaws.com\",\"forecast.amazonaws.com\",\"kinesisanalytics.amazonaws.com\",\"backup.amazonaws.com\",\"eks-fargate-pods.amazonaws.com\",\"cognito-idp.amazonaws.com\",\"rds.amazonaws.com\",\"elasticmapreduce.amazonaws.com\",\"apigateway.amazonaws.com\",\"events.amazonaws.com\",\"ssm.amazonaws.com\",\"ecs.amazonaws.com\",\"cloudformation.amazonaws.com\",\"kms.amazonaws.com\",\"rekognition.amazonaws.com\",\"application-autoscaling.amazonaws.com\",\"dynamodb.amazonaws.com\",\"elasticfilesystem.amazonaws.com\",\"ec2.application-autoscaling.amazonaws.com\",\"codedeploy.amazonaws.com\",\"secretsmanager.amazonaws.com\",\"elasticloadbalancing.amazonaws.com\",\"sagemaker.amazonaws.com\",\"databrew.amazonaws.com\",\"s3.amazonaws.com\",\"sns.amazonaws.com\",\"redshift.amazonaws.com\",\"kinesis.amazonaws.com\",\"iotanalytics.amazonaws.com\",\"logs.amazonaws.com\",\"credentials.iot.amazonaws.com\",\"ec2.amazonaws.com\",\"glue.amazonaws.com\",\"eks.amazonaws.com\",\"sqs.amazonaws.com\",\"codewhisperer.amazonaws.com\",\"iotevents.amazonaws.com\",\"cloudtrail.amazonaws.com\",\"codecommit.amazonaws.com\",\"lambda.amazonaws.com\",\"elasticbeanstalk.amazonaws.com\",\"athena.amazonaws.com\",\"iot.amazonaws.com\",\"batch.amazonaws.com\",\"resource-groups.amazonaws.com\",\"servicecatalog.amazonaws.com\",\"states.amazonaws.com\",\"autoscaling.amazonaws.com\",\"ecs-tasks.amazonaws.com\",\"pipes.amazonaws.com\",\"cloud9.amazonaws.com\",\"scheduler.amazonaws.com\"],\"AWS\":\"arn:aws:iam::540206063900:role/LabRole\"},\"Action\":\"sts:AssumeRole\"}]}",
            "create_date": "2026-03-16T11:56:54Z",
            "description": "",
            "id": "LabRole",
            "max_session_duration": 3600,
            "name": "LabRole",
            "path": "/",
            "permissions_boundary": "",
            "role_last_used": [
              {
                "last_used_date": "2026-04-20T01:29:59Z",
                "region": "us-east-1"
              }
            ],
            "tags": {
              "cloudlab": "c195402a5014886l13519121t1w540206063900"
            },
            "unique_id": "AROAX3RWKMEOHHYQDPUFY"
          },
          "sensitive_attributes": [],
          "identity_schema_version": 0
        }
      ]
    },
    {
      "mode": "managed",
      "type": "docker_image",
      "name": "app",
      "provider": "provider[\"registry.terraform.io/kreuzwerker/docker\"]",
      "instances": [
        {
          "schema_version": 0,
          "attributes": {
            "build": [
              {
                "auth_config": [],
                "build_args": {},
                "build_id": "",
                "build_log_file": "",
                "builder": "",
                "cache_from": [],
                "cgroup_parent": "",
                "context": "C:/Users/kent/Desktop/CS 6650/CS6650-llm-cache-coherence/src",
                "cpu_period": 0,
                "cpu_quota": 0,
                "cpu_set_cpus": "",
                "cpu_set_mems": "",
                "cpu_shares": 0,
                "dockerfile": "Dockerfile",
                "extra_hosts": [],
                "force_remove": false,
                "isolation": "",
                "label": {},
                "labels": {},
                "memory": 0,
                "memory_swap": 0,
                "network_mode": "",
                "no_cache": false,
                "platform": "",
                "pull_parent": false,
                "remote_context": "",
                "remove": true,
                "secrets": [],
                "security_opt": [],
                "session_id": "",
                "shm_size": 0,
                "squash": false,
                "suppress_output": false,
                "tag": [],
                "target": "",
                "ulimit": [],
                "version": ""
              }
            ],
            "force_remove": null,
            "id": "sha256:a604a9f748a31c5005a81c48a17c5a1e7003faac3e11e484ca4f99892da99be4540206063900.dkr.ecr.us-east-1.amazonaws.com/llm-agent-worker:latest",
            "image_id": "sha256:a604a9f748a31c5005a81c48a17c5a1e7003faac3e11e484ca4f99892da99be4",
            "keep_locally": null,
            "name": "540206063900.dkr.ecr.us-east-1.amazonaws.com/llm-agent-worker:latest",
            "platform": null,
            "pull_triggers": null,
            "repo_digest": "llm-agent-worker@sha256:a604a9f748a31c5005a81c48a17c5a1e7003faac3e11e484ca4f99892da99be4",
            "timeouts": null,
            "triggers": null
          },
          "sensitive_attributes": [],
          "identity_schema_version": 0,
          "private": "eyJlMmJmYjczMC1lY2FhLTExZTYtOGY4OC0zNDM2M2JjN2M0YzAiOnsiY3JlYXRlIjoxMjAwMDAwMDAwMDAwLCJkZWxldGUiOjEyMDAwMDAwMDAwMDAsInVwZGF0ZSI6MTIwMDAwMDAwMDAwMH19",
          "dependencies": [
            "data.aws_ecr_authorization_token.registry",
            "module.ecr.aws_ecr_repository.this"
          ]
        }
      ]
    },
    {
      "mode": "managed",
      "type": "docker_registry_image",
      "name": "app",
      "provider": "provider[\"registry.terraform.io/kreuzwerker/docker\"]",
      "instances": [
        {
          "schema_version": 0,
          "attributes": {
            "auth_config": [],
            "id": "sha256:a604a9f748a31c5005a81c48a17c5a1e7003faac3e11e484ca4f99892da99be4",
            "insecure_skip_verify": false,
            "keep_remotely": true,
            "name": "540206063900.dkr.ecr.us-east-1.amazonaws.com/llm-agent-worker:latest",
            "sha256_digest": "sha256:a604a9f748a31c5005a81c48a17c5a1e7003faac3e11e484ca4f99892da99be4",
            "triggers": {
              "src_hash": "73c99b829da22105df85f6f44e287b85cea7ced5894fd4994daf2d03d1484c1c"
            }
          },
          "sensitive_attributes": [],
          "identity_schema_version": 0,
          "private": "bnVsbA==",
          "dependencies": [
            "data.aws_ecr_authorization_token.registry",
            "docker_image.app",
            "module.ecr.aws_ecr_repository.this"
          ]
        }
      ]
    },
    {
      "module": "module.ecr",
      "mode": "managed",
      "type": "aws_ecr_repository",
      "name": "this",
      "provider": "provider[\"registry.terraform.io/hashicorp/aws\"]",
      "instances": [
        {
          "schema_version": 0,
          "attributes": {
            "arn": "arn:aws:ecr:us-east-1:540206063900:repository/llm-agent-worker",
            "encryption_configuration": [
              {
                "encryption_type": "AES256",
                "kms_key": ""
              }
            ],
            "force_delete": null,
            "id": "llm-agent-worker",
            "image_scanning_configuration": [
              {
                "scan_on_push": false
              }
            ],
            "image_tag_mutability": "MUTABLE",
            "name": "llm-agent-worker",
            "region": "us-east-1",
            "registry_id": "540206063900",
            "repository_url": "540206063900.dkr.ecr.us-east-1.amazonaws.com/llm-agent-worker",
            "tags": {},
            "tags_all": {},
            "timeouts": null
          },
          "sensitive_attributes": [],
          "identity_schema_version": 0,
          "private": "eyJlMmJmYjczMC1lY2FhLTExZTYtOGY4OC0zNDM2M2JjN2M0YzAiOnsiZGVsZXRlIjoxMjAwMDAwMDAwMDAwfX0="
        }
      ]
    },
    {
      "module": "module.ecs",
      "mode": "managed",
      "type": "aws_appautoscaling_policy",
      "name": "scale_in",
      "provider": "provider[\"registry.terraform.io/hashicorp/aws\"]",
      "instances": [
        {
          "schema_version": 0,
          "attributes": {
            "alarm_arns": [
              "arn:aws:cloudwatch:us-east-1:540206063900:alarm:llm-agent-worker-queue-depth-low"
            ],
            "arn": "arn:aws:autoscaling:us-east-1:540206063900:scalingPolicy:e58a8677-e574-42ec-8e3b-25202fc5ce6a:resource/ecs/service/llm-agent-worker-cluster/llm-agent-worker:policyName/llm-agent-worker-scale-in",
            "id": "llm-agent-worker-scale-in",
            "name": "llm-agent-worker-scale-in",
            "policy_type": "StepScaling",
            "region": "us-east-1",
            "resource_id": "service/llm-agent-worker-cluster/llm-agent-worker",
            "scalable_dimension": "ecs:service:DesiredCount",
            "service_namespace": "ecs",
            "step_scaling_policy_configuration": [
              {
                "adjustment_type": "ChangeInCapacity",
                "cooldown": 120,
                "metric_aggregation_type": "Maximum",
                "min_adjustment_magnitude": 0,
                "step_adjustment": [
                  {
                    "metric_interval_lower_bound": "",
                    "metric_interval_upper_bound": "0",
                    "scaling_adjustment": -1
                  }
                ]
              }
            ],
            "target_tracking_scaling_policy_configuration": []
          },
          "sensitive_attributes": [],
          "identity_schema_version": 0,
          "private": "bnVsbA==",
          "dependencies": [
            "data.aws_iam_role.lab_role",
            "module.ecr.aws_ecr_repository.this",
            "module.ecs.aws_appautoscaling_target.this",
            "module.ecs.aws_ecs_cluster.this",
            "module.ecs.aws_ecs_service.this",
            "module.ecs.aws_ecs_task_definition.this",
            "module.logging.aws_cloudwatch_log_group.this",
            "module.network.aws_security_group.this",
            "module.network.data.aws_subnets.default",
            "module.network.data.aws_vpc.default",
            "module.redis.aws_elasticache_cluster.this",
            "module.redis.aws_elasticache_subnet_group.this",
            "module.redis.aws_security_group.redis",
            "module.sqs.aws_sqs_queue.worker"
          ]
        }
      ]
    },
    {
      "module": "module.ecs",
      "mode": "managed",
      "type": "aws_appautoscaling_policy",
      "name": "scale_out",
      "provider": "provider[\"registry.terraform.io/hashicorp/aws\"]",
      "instances": [
        {
          "schema_version": 0,
          "attributes": {
            "alarm_arns": [
              "arn:aws:cloudwatch:us-east-1:540206063900:alarm:llm-agent-worker-queue-depth-high"
            ],
            "arn": "arn:aws:autoscaling:us-east-1:540206063900:scalingPolicy:e58a8677-e574-42ec-8e3b-25202fc5ce6a:resource/ecs/service/llm-agent-worker-cluster/llm-agent-worker:policyName/llm-agent-worker-scale-out",
            "id": "llm-agent-worker-scale-out",
            "name": "llm-agent-worker-scale-out",
            "policy_type": "StepScaling",
            "region": "us-east-1",
            "resource_id": "service/llm-agent-worker-cluster/llm-agent-worker",
            "scalable_dimension": "ecs:service:DesiredCount",
            "service_namespace": "ecs",
            "step_scaling_policy_configuration": [
              {
                "adjustment_type": "ChangeInCapacity",
                "cooldown": 60,
                "metric_aggregation_type": "Maximum",
                "min_adjustment_magnitude": 0,
                "step_adjustment": [
                  {
                    "metric_interval_lower_bound": "0",
                    "metric_interval_upper_bound": "",
                    "scaling_adjustment": 1
                  }
                ]
              }
            ],
            "target_tracking_scaling_policy_configuration": []
          },
          "sensitive_attributes": [],
          "identity_schema_version": 0,
          "private": "bnVsbA==",
          "dependencies": [
            "data.aws_iam_role.lab_role",
            "module.ecr.aws_ecr_repository.this",
            "module.ecs.aws_appautoscaling_target.this",
            "module.ecs.aws_ecs_cluster.this",
            "module.ecs.aws_ecs_service.this",
            "module.ecs.aws_ecs_task_definition.this",
            "module.logging.aws_cloudwatch_log_group.this",
            "module.network.aws_security_group.this",
            "module.network.data.aws_subnets.default",
            "module.network.data.aws_vpc.default",
            "module.redis.aws_elasticache_cluster.this",
            "module.redis.aws_elasticache_subnet_group.this",
            "module.redis.aws_security_group.redis",
            "module.sqs.aws_sqs_queue.worker"
          ]
        }
      ]
    },
    {
      "module": "module.ecs",
      "mode": "managed",
      "type": "aws_appautoscaling_target",
      "name": "this",
      "provider": "provider[\"registry.terraform.io/hashicorp/aws\"]",
      "instances": [
        {
          "schema_version": 0,
          "attributes": {
            "arn": "arn:aws:application-autoscaling:us-east-1:540206063900:scalable-target/0ec5e58a8677e57442ec8e3b25202fc5ce6a",
            "id": "service/llm-agent-worker-cluster/llm-agent-worker",
            "max_capacity": 1,
            "min_capacity": 1,
            "region": "us-east-1",
            "resource_id": "service/llm-agent-worker-cluster/llm-agent-worker",
            "role_arn": "arn:aws:iam::540206063900:role/aws-service-role/ecs.application-autoscaling.amazonaws.com/AWSServiceRoleForApplicationAutoScaling_ECSService",
            "scalable_dimension": "ecs:service:DesiredCount",
            "service_namespace": "ecs",
            "suspended_state": [
              {
                "dynamic_scaling_in_suspended": false,
                "dynamic_scaling_out_suspended": false,
                "scheduled_scaling_suspended": false
              }
            ],
            "tags": {},
            "tags_all": {}
          },
          "sensitive_attributes": [],
          "identity_schema_version": 0,
          "private": "bnVsbA==",
          "dependencies": [
            "data.aws_iam_role.lab_role",
            "module.ecr.aws_ecr_repository.this",
            "module.ecs.aws_ecs_cluster.this",
            "module.ecs.aws_ecs_service.this",
            "module.ecs.aws_ecs_task_definition.this",
            "module.logging.aws_cloudwatch_log_group.this",
            "module.network.aws_security_group.this",
            "module.network.data.aws_subnets.default",
            "module.network.data.aws_vpc.default",
            "module.redis.aws_elasticache_cluster.this",
            "module.redis.aws_elasticache_subnet_group.this",
            "module.redis.aws_security_group.redis",
            "module.sqs.aws_sqs_queue.worker"
          ]
        }
      ]
    },
    {
      "module": "module.ecs",
      "mode": "managed",
      "type": "aws_cloudwatch_metric_alarm",
      "name": "queue_depth_high",
      "provider": "provider[\"registry.terraform.io/hashicorp/aws\"]",
      "instances": [
        {
          "schema_version": 1,
          "attributes": {
            "actions_enabled": true,
            "alarm_actions": [
              "arn:aws:autoscaling:us-east-1:540206063900:scalingPolicy:e58a8677-e574-42ec-8e3b-25202fc5ce6a:resource/ecs/service/llm-agent-worker-cluster/llm-agent-worker:policyName/llm-agent-worker-scale-out"
            ],
            "alarm_description": "",
            "alarm_name": "llm-agent-worker-queue-depth-high",
            "arn": "arn:aws:cloudwatch:us-east-1:540206063900:alarm:llm-agent-worker-queue-depth-high",
            "comparison_operator": "GreaterThanThreshold",
            "datapoints_to_alarm": 0,
            "dimensions": {
              "QueueName": "llm-agent-worker.fifo"
            },
            "evaluate_low_sample_count_percentiles": "",
            "evaluation_periods": 1,
            "extended_statistic": "",
            "id": "llm-agent-worker-queue-depth-high",
            "insufficient_data_actions": [],
            "metric_name": "ApproximateNumberOfMessagesVisible",
            "metric_query": [],
            "namespace": "AWS/SQS",
            "ok_actions": [],
            "period": 60,
            "region": "us-east-1",
            "statistic": "Maximum",
            "tags": {},
            "tags_all": {},
            "threshold": 1,
            "threshold_metric_id": "",
            "treat_missing_data": "notBreaching",
            "unit": ""
          },
          "sensitive_attributes": [],
          "identity_schema_version": 0,
          "private": "eyJzY2hlbWFfdmVyc2lvbiI6IjEifQ==",
          "dependencies": [
            "data.aws_iam_role.lab_role",
            "module.ecr.aws_ecr_repository.this",
            "module.ecs.aws_appautoscaling_policy.scale_out",
            "module.ecs.aws_appautoscaling_target.this",
            "module.ecs.aws_ecs_cluster.this",
            "module.ecs.aws_ecs_service.this",
            "module.ecs.aws_ecs_task_definition.this",
            "module.logging.aws_cloudwatch_log_group.this",
            "module.network.aws_security_group.this",
            "module.network.data.aws_subnets.default",
            "module.network.data.aws_vpc.default",
            "module.redis.aws_elasticache_cluster.this",
            "module.redis.aws_elasticache_subnet_group.this",
            "module.redis.aws_security_group.redis",
            "module.sqs.aws_sqs_queue.worker"
          ]
        }
      ]
    },
    {
      "module": "module.ecs",
      "mode": "managed",
      "type": "aws_cloudwatch_metric_alarm",
      "name": "queue_depth_low",
      "provider": "provider[\"registry.terraform.io/hashicorp/aws\"]",
      "instances": [
        {
          "schema_version": 1,
          "attributes": {
            "actions_enabled": true,
            "alarm_actions": [
              "arn:aws:autoscaling:us-east-1:540206063900:scalingPolicy:e58a8677-e574-42ec-8e3b-25202fc5ce6a:resource/ecs/service/llm-agent-worker-cluster/llm-agent-worker:policyName/llm-agent-worker-scale-in"
            ],
            "alarm_description": "",
            "alarm_name": "llm-agent-worker-queue-depth-low",
            "arn": "arn:aws:cloudwatch:us-east-1:540206063900:alarm:llm-agent-worker-queue-depth-low",
            "comparison_operator": "LessThanOrEqualToThreshold",
            "datapoints_to_alarm": 0,
            "dimensions": {
              "QueueName": "llm-agent-worker.fifo"
            },
            "evaluate_low_sample_count_percentiles": "",
            "evaluation_periods": 2,
            "extended_statistic": "",
            "id": "llm-agent-worker-queue-depth-low",
            "insufficient_data_actions": [],
            "metric_name": "ApproximateNumberOfMessagesVisible",
            "metric_query": [],
            "namespace": "AWS/SQS",
            "ok_actions": [],
            "period": 60,
            "region": "us-east-1",
            "statistic": "Maximum",
            "tags": {},
            "tags_all": {},
            "threshold": 0,
            "threshold_metric_id": "",
            "treat_missing_data": "notBreaching",
            "unit": ""
          },
          "sensitive_attributes": [],
          "identity_schema_version": 0,
          "private": "eyJzY2hlbWFfdmVyc2lvbiI6IjEifQ==",
          "dependencies": [
            "data.aws_iam_role.lab_role",
            "module.ecr.aws_ecr_repository.this",
            "module.ecs.aws_appautoscaling_policy.scale_in",
            "module.ecs.aws_appautoscaling_target.this",
            "module.ecs.aws_ecs_cluster.this",
            "module.ecs.aws_ecs_service.this",
            "module.ecs.aws_ecs_task_definition.this",
            "module.logging.aws_cloudwatch_log_group.this",
            "module.network.aws_security_group.this",
            "module.network.data.aws_subnets.default",
            "module.network.data.aws_vpc.default",
            "module.redis.aws_elasticache_cluster.this",
            "module.redis.aws_elasticache_subnet_group.this",
            "module.redis.aws_security_group.redis",
            "module.sqs.aws_sqs_queue.worker"
          ]
        }
      ]
    },
    {
      "module": "module.ecs",
      "mode": "managed",
      "type": "aws_ecs_cluster",
      "name": "this",
      "provider": "provider[\"registry.terraform.io/hashicorp/aws\"]",
      "instances": [
        {
          "schema_version": 0,
          "attributes": {
            "arn": "arn:aws:ecs:us-east-1:540206063900:cluster/llm-agent-worker-cluster",
            "configuration": [],
            "id": "arn:aws:ecs:us-east-1:540206063900:cluster/llm-agent-worker-cluster",
            "name": "llm-agent-worker-cluster",
            "region": "us-east-1",
            "service_connect_defaults": [],
            "setting": [
              {
                "name": "containerInsights",
                "value": "disabled"
              }
            ],
            "tags": {},
            "tags_all": {}
          },
          "sensitive_attributes": [],
          "identity_schema_version": 0,
          "private": "bnVsbA=="
        }
      ]
    },
    {
      "module": "module.ecs",
      "mode": "managed",
      "type": "aws_ecs_service",
      "name": "this",
      "provider": "provider[\"registry.terraform.io/hashicorp/aws\"]",
      "instances": [
        {
          "schema_version": 1,
          "attributes": {
            "alarms": [],
            "arn": "arn:aws:ecs:us-east-1:540206063900:service/llm-agent-worker-cluster/llm-agent-worker",
            "availability_zone_rebalancing": "DISABLED",
            "capacity_provider_strategy": [],
            "cluster": "arn:aws:ecs:us-east-1:540206063900:cluster/llm-agent-worker-cluster",
            "deployment_circuit_breaker": [
              {
                "enable": false,
                "rollback": false
              }
            ],
            "deployment_configuration": [],
            "deployment_controller": [
              {
                "type": "ECS"
              }
            ],
            "deployment_maximum_percent": 200,
            "deployment_minimum_healthy_percent": 100,
            "desired_count": 1,
            "enable_ecs_managed_tags": false,
            "enable_execute_command": false,
            "force_delete": null,
            "force_new_deployment": null,
            "health_check_grace_period_seconds": 0,
            "iam_role": "/aws-service-role/ecs.amazonaws.com/AWSServiceRoleForECS",
            "id": "arn:aws:ecs:us-east-1:540206063900:service/llm-agent-worker-cluster/llm-agent-worker",
            "launch_type": "FARGATE",
            "load_balancer": [],
            "name": "llm-agent-worker",
            "network_configuration": [
              {
                "assign_public_ip": true,
                "security_groups": [
                  "sg-029efe2e3aba12fac"
                ],
                "subnets": [
                  "subnet-000da48d9a903d9c5",
                  "subnet-001482299142740bf",
                  "subnet-04181676d0fcd40ee",
                  "subnet-05905e21e436737e3",
                  "subnet-0760a7938d7c5e1d1",
                  "subnet-081e1674baccfc7ff"
                ]
              }
            ],
            "ordered_placement_strategy": [],
            "placement_constraints": [],
            "platform_version": "LATEST",
            "propagate_tags": "NONE",
            "region": "us-east-1",
            "scheduling_strategy": "REPLICA",
            "service_connect_configuration": [],
            "service_registries": [],
            "tags": {},
            "tags_all": {},
            "task_definition": "arn:aws:ecs:us-east-1:540206063900:task-definition/llm-agent-worker-task:16",
            "timeouts": null,
            "triggers": {},
            "volume_configuration": [],
            "vpc_lattice_configurations": [],
            "wait_for_steady_state": false
          },
          "sensitive_attributes": [],
          "identity_schema_version": 0,
          "private": "eyJlMmJmYjczMC1lY2FhLTExZTYtOGY4OC0zNDM2M2JjN2M0YzAiOnsiY3JlYXRlIjoxMjAwMDAwMDAwMDAwLCJkZWxldGUiOjEyMDAwMDAwMDAwMDAsInVwZGF0ZSI6MTIwMDAwMDAwMDAwMH0sInNjaGVtYV92ZXJzaW9uIjoiMSJ9",
          "dependencies": [
            "data.aws_iam_role.lab_role",
            "module.ecr.aws_ecr_repository.this",
            "module.ecs.aws_ecs_cluster.this",
            "module.ecs.aws_ecs_task_definition.this",
            "module.logging.aws_cloudwatch_log_group.this",
            "module.network.aws_security_group.this",
            "module.network.data.aws_subnets.default",
            "module.network.data.aws_vpc.default",
            "module.redis.aws_elasticache_cluster.this",
            "module.redis.aws_elasticache_subnet_group.this",
            "module.redis.aws_security_group.redis",
            "module.sqs.aws_sqs_queue.worker"
          ]
        }
      ]
    },
    {
      "module": "module.logging",
      "mode": "managed",
      "type": "aws_cloudwatch_log_group",
      "name": "this",
      "provider": "provider[\"registry.terraform.io/hashicorp/aws\"]",
      "instances": [
        {
          "schema_version": 0,
          "attributes": {
            "arn": "arn:aws:logs:us-east-1:540206063900:log-group:/ecs/llm-agent-worker",
            "id": "/ecs/llm-agent-worker",
            "kms_key_id": "",
            "log_group_class": "STANDARD",
            "name": "/ecs/llm-agent-worker",
            "name_prefix": "",
            "region": "us-east-1",
            "retention_in_days": 7,
            "skip_destroy": false,
            "tags": {},
            "tags_all": {}
          },
          "sensitive_attributes": [],
          "identity_schema_version": 0,
          "private": "bnVsbA=="
        }
      ]
    },
    {
      "module": "module.network",
      "mode": "data",
      "type": "aws_subnets",
      "name": "default",
      "provider": "provider[\"registry.terraform.io/hashicorp/aws\"]",
      "instances": [
        {
          "schema_version": 0,
          "attributes": {
            "filter": [
              {
                "name": "vpc-id",
                "values": [
                  "vpc-09dda1b8a909e2ba4"
                ]
              }
            ],
            "id": "us-east-1",
            "ids": [
              "subnet-0760a7938d7c5e1d1",
              "subnet-05905e21e436737e3",
              "subnet-001482299142740bf",
              "subnet-000da48d9a903d9c5",
              "subnet-04181676d0fcd40ee",
              "subnet-081e1674baccfc7ff"
            ],
            "region": "us-east-1",
            "tags": null,
            "timeouts": null
          },
          "sensitive_attributes": [],
          "identity_schema_version": 0
        }
      ]
    },
    {
      "module": "module.network",
      "mode": "data",
      "type": "aws_vpc",
      "name": "default",
      "provider": "provider[\"registry.terraform.io/hashicorp/aws\"]",
      "instances": [
        {
          "schema_version": 0,
          "attributes": {
            "arn": "arn:aws:ec2:us-east-1:540206063900:vpc/vpc-09dda1b8a909e2ba4",
            "cidr_block": "172.31.0.0/16",
            "cidr_block_associations": [
              {
                "association_id": "vpc-cidr-assoc-0ae76c17d6e7d2632",
                "cidr_block": "172.31.0.0/16",
                "state": "associated"
              }
            ],
            "default": true,
            "dhcp_options_id": "dopt-0406b15019a0da830",
            "enable_dns_hostnames": true,
            "enable_dns_support": true,
            "enable_network_address_usage_metrics": false,
            "filter": null,
            "id": "vpc-09dda1b8a909e2ba4",
            "instance_tenancy": "default",
            "ipv6_association_id": "",
            "ipv6_cidr_block": "",
            "main_route_table_id": "rtb-09574072e841d8475",
            "owner_id": "540206063900",
            "region": "us-east-1",
            "state": null,
            "tags": {},
            "timeouts": null
          },
          "sensitive_attributes": [],
          "identity_schema_version": 0
        }
      ]
    },
    {
      "module": "module.network",
      "mode": "managed",
      "type": "aws_security_group",
      "name": "this",
      "provider": "provider[\"registry.terraform.io/hashicorp/aws\"]",
      "instances": [
        {
          "schema_version": 1,
          "attributes": {
            "arn": "arn:aws:ec2:us-east-1:540206063900:security-group/sg-029efe2e3aba12fac",
            "description": "Allow inbound on 8080",
            "egress": [
              {
                "cidr_blocks": [
                  "0.0.0.0/0"
                ],
                "description": "Allow all outbound",
                "from_port": 0,
                "ipv6_cidr_blocks": [],
                "prefix_list_ids": [],
                "protocol": "-1",
                "security_groups": [],
                "self": false,
                "to_port": 0
              }
            ],
            "id": "sg-029efe2e3aba12fac",
            "ingress": [
              {
                "cidr_blocks": [
                  "71.235.91.48/32"
                ],
                "description": "Allow HTTP traffic",
                "from_port": 8080,
                "ipv6_cidr_blocks": [],
                "prefix_list_ids": [],
                "protocol": "tcp",
                "security_groups": [],
                "self": false,
                "to_port": 8080
              }
            ],
            "name": "llm-agent-worker-sg",
            "name_prefix": "",
            "owner_id": "540206063900",
            "region": "us-east-1",
            "revoke_rules_on_delete": false,
            "tags": {},
            "tags_all": {},
            "timeouts": null,
            "vpc_id": "vpc-09dda1b8a909e2ba4"
          },
          "sensitive_attributes": [],
          "identity_schema_version": 0,
          "private": "eyJlMmJmYjczMC1lY2FhLTExZTYtOGY4OC0zNDM2M2JjN2M0YzAiOnsiY3JlYXRlIjo2MDAwMDAwMDAwMDAsImRlbGV0ZSI6OTAwMDAwMDAwMDAwfSwic2NoZW1hX3ZlcnNpb24iOiIxIn0=",
          "dependencies": [
            "module.network.data.aws_vpc.default"
          ]
        }
      ]
    },
    {
      "module": "module.redis[0]",
      "mode": "managed",
      "type": "aws_elasticache_cluster",
      "name": "this",
      "provider": "provider[\"registry.terraform.io/hashicorp/aws\"]",
      "instances": [
        {
          "schema_version": 0,
          "attributes": {
            "apply_immediately": null,
            "arn": "arn:aws:elasticache:us-east-1:540206063900:cluster:llm-agent-worker-redis",
            "auto_minor_version_upgrade": "true",
            "availability_zone": "us-east-1f",
            "az_mode": "single-az",
            "cache_nodes": [
              {
                "address": "llm-agent-worker-redis.clxsre.0001.use1.cache.amazonaws.com",
                "availability_zone": "us-east-1f",
                "id": "0001",
                "outpost_arn": "",
                "port": 6379
              }
            ],
            "cluster_address": null,
            "cluster_id": "llm-agent-worker-redis",
            "configuration_endpoint": null,
            "engine": "redis",
            "engine_version": "7.1",
            "engine_version_actual": "7.1.0",
            "final_snapshot_identifier": null,
            "id": "llm-agent-worker-redis",
            "ip_discovery": "ipv4",
            "log_delivery_configuration": [],
            "maintenance_window": "wed:06:30-wed:07:30",
            "network_type": "ipv4",
            "node_type": "cache.t3.micro",
            "notification_topic_arn": null,
            "num_cache_nodes": 1,
            "outpost_mode": null,
            "parameter_group_name": "default.redis7",
            "port": 6379,
            "preferred_availability_zones": null,
            "preferred_outpost_arn": "",
            "region": "us-east-1",
            "replication_group_id": "",
            "security_group_ids": [
              "sg-0db469276be6c5682"
            ],
            "snapshot_arns": null,
            "snapshot_name": null,
            "snapshot_retention_limit": 0,
            "snapshot_window": "04:00-05:00",
            "subnet_group_name": "llm-agent-worker-redis-subnet",
            "tags": {},
            "tags_all": {},
            "timeouts": null,
            "transit_encryption_enabled": false
          },
          "sensitive_attributes": [],
          "identity_schema_version": 0,
          "private": "eyJlMmJmYjczMC1lY2FhLTExZTYtOGY4OC0zNDM2M2JjN2M0YzAiOnsiY3JlYXRlIjoyNDAwMDAwMDAwMDAwLCJkZWxldGUiOjI0MDAwMDAwMDAwMDAsInVwZGF0ZSI6NDgwMDAwMDAwMDAwMH19",
          "dependencies": [
            "module.network.aws_security_group.this",
            "module.network.data.aws_subnets.default",
            "module.network.data.aws_vpc.default",
            "module.redis.aws_elasticache_subnet_group.this",
            "module.redis.aws_security_group.redis"
          ]
        }
      ]
    },
    {
      "module": "module.redis[0]",
      "mode": "managed",
      "type": "aws_elasticache_subnet_group",
      "name": "this",
      "provider": "provider[\"registry.terraform.io/hashicorp/aws\"]",
      "instances": [
        {
          "schema_version": 0,
          "attributes": {
            "arn": "arn:aws:elasticache:us-east-1:540206063900:subnetgroup:llm-agent-worker-redis-subnet",
            "description": "Managed by Terraform",
            "id": "llm-agent-worker-redis-subnet",
            "name": "llm-agent-worker-redis-subnet",
            "region": "us-east-1",
            "subnet_ids": [
              "subnet-000da48d9a903d9c5",
              "subnet-001482299142740bf",
              "subnet-04181676d0fcd40ee",
              "subnet-05905e21e436737e3",
              "subnet-0760a7938d7c5e1d1",
              "subnet-081e1674baccfc7ff"
            ],
            "tags": {},
            "tags_all": {},
            "vpc_id": "vpc-09dda1b8a909e2ba4"
          },
          "sensitive_attributes": [],
          "identity_schema_version": 0,
          "private": "bnVsbA==",
          "dependencies": [
            "module.network.data.aws_subnets.default",
            "module.network.data.aws_vpc.default"
          ]
        }
      ]
    },
    {
      "module": "module.redis[0]",
      "mode": "managed",
      "type": "aws_security_group",
      "name": "redis",
      "provider": "provider[\"registry.terraform.io/hashicorp/aws\"]",
      "instances": [
        {
          "schema_version": 1,
          "attributes": {
            "arn": "arn:aws:ec2:us-east-1:540206063900:security-group/sg-0db469276be6c5682",
            "description": "Redis: allow inbound from ECS tasks on port 6379",
            "egress": [
              {
                "cidr_blocks": [
                  "0.0.0.0/0"
                ],
                "description": "",
                "from_port": 0,
                "ipv6_cidr_blocks": [],
                "prefix_list_ids": [],
                "protocol": "-1",
                "security_groups": [],
                "self": false,
                "to_port": 0
              }
            ],
            "id": "sg-0db469276be6c5682",
            "ingress": [
              {
                "cidr_blocks": [],
                "description": "ECS tasks to Redis",
                "from_port": 6379,
                "ipv6_cidr_blocks": [],
                "prefix_list_ids": [],
                "protocol": "tcp",
                "security_groups": [
                  "sg-029efe2e3aba12fac"
                ],
                "self": false,
                "to_port": 6379
              }
            ],
            "name": "llm-agent-worker-redis-sg",
            "name_prefix": "",
            "owner_id": "540206063900",
            "region": "us-east-1",
            "revoke_rules_on_delete": false,
            "tags": {},
            "tags_all": {},
            "timeouts": null,
            "vpc_id": "vpc-09dda1b8a909e2ba4"
          },
          "sensitive_attributes": [],
          "identity_schema_version": 0,
          "private": "eyJlMmJmYjczMC1lY2FhLTExZTYtOGY4OC0zNDM2M2JjN2M0YzAiOnsiY3JlYXRlIjo2MDAwMDAwMDAwMDAsImRlbGV0ZSI6OTAwMDAwMDAwMDAwfSwic2NoZW1hX3ZlcnNpb24iOiIxIn0=",
          "dependencies": [
            "module.network.aws_security_group.this",
            "module.network.data.aws_vpc.default"
          ]
        }
      ]
    },
    {
      "module": "module.sqs",
      "mode": "managed",
      "type": "aws_sqs_queue",
      "name": "worker",
      "provider": "provider[\"registry.terraform.io/hashicorp/aws\"]",
      "instances": [
        {
          "schema_version": 0,
          "attributes": {
            "arn": "arn:aws:sqs:us-east-1:540206063900:llm-agent-worker.fifo",
            "content_based_deduplication": false,
            "deduplication_scope": "queue",
            "delay_seconds": 0,
            "fifo_queue": true,
            "fifo_throughput_limit": "perQueue",
            "id": "https://sqs.us-east-1.amazonaws.com/540206063900/llm-agent-worker.fifo",
            "kms_data_key_reuse_period_seconds": 300,
            "kms_master_key_id": "",
            "max_message_size": 262144,
            "message_retention_seconds": 86400,
            "name": "llm-agent-worker.fifo",
            "name_prefix": "",
            "policy": "",
            "receive_wait_time_seconds": 0,
            "redrive_allow_policy": "",
            "redrive_policy": "",
            "region": "us-east-1",
            "sqs_managed_sse_enabled": true,
            "tags": {
              "Project": "llm-agent-worker"
            },
            "tags_all": {
              "Project": "llm-agent-worker"
            },
            "timeouts": null,
            "url": "https://sqs.us-east-1.amazonaws.com/540206063900/llm-agent-worker.fifo",
            "visibility_timeout_seconds": 300
          },
          "sensitive_attributes": [],
          "identity_schema_version": 0,
          "private": "eyJlMmJmYjczMC1lY2FhLTExZTYtOGY4OC0zNDM2M2JjN2M0YzAiOnsiY3JlYXRlIjoxODAwMDAwMDAwMDAsImRlbGV0ZSI6MTgwMDAwMDAwMDAwLCJ1cGRhdGUiOjE4MDAwMDAwMDAwMH19"
        }
      ]
    }
  ],
  "check_results": [
    {
      "object_kind": "var",
      "config_addr": "var.llm_backend",
      "status": "pass",
      "objects": [
        {
          "object_addr": "var.llm_backend",
          "status": "pass"
        }
      ]
    },
    {
      "object_kind": "var",
      "config_addr": "var.build_mode",
      "status": "pass",
      "objects": [
        {
          "object_addr": "var.build_mode",
          "status": "pass"
        }
      ]
    },
    {
      "object_kind": "var",
      "config_addr": "var.cache_backend",
      "status": "pass",
      "objects": [
        {
          "object_addr": "var.cache_backend",
          "status": "pass"
        }
      ]
    }
  ]
}
